
Microsoft Visual Studio Solution File, Format Version 12.00
# Visual Studio 2012
Project("{FAE04EC0-301F-11D3-BF4B-00C04F79EFBC}") = "ForeignExchange", "ForeignExchange\ForeignExchange.csproj", "{CBA416A7-8921-4A7E-AB8A-CB1644B2D594}"
EndProject
Project("{FAE04EC0-301F-11D3-BF4B-00C04F79EFBC}") = "ForeignExchange.iOS", "iOS\ForeignExchange.iOS.csproj", "{4A6C7ABE-5813-4C8D-8310-36577CD258DE}"
EndProject
Project("{FAE04EC0-301F-11D3-BF4B-00C04F79EFBC}") = "ForeignExchange.Droid", "Droid\ForeignExchange.Droid.csproj", "{03276D0B-4F77-4592-BBDA-531A5FA3B6A5}"
EndProject
Global
	GlobalSection(SolutionConfigurationPlatforms) = preSolution
		Debug|Any CPU = Debug|Any CPU
		Release|Any CPU = Release|Any CPU
		Debug|iPhoneSimulator = Debug|iPhoneSimulator
		Release|iPhone = Release|iPhone
		Release|iPhoneSimulator = Release|iPhoneSimulator
		Debug|iPhone = Debug|iPhone
	EndGlobalSection
	GlobalSection(ProjectConfigurationPlatforms) = postSolution
		{CBA416A7-8921-4A7E-AB8A-CB1644B2D594}.Debug|Any CPU.ActiveCfg = Debug|Any CPU
		{CBA416A7-8921-4A7E-AB8A-CB1644B2D594}.Debug|Any CPU.Build.0 = Debug|Any CPU
		{CBA416A7-8921-4A7E-AB8A-CB1644B2D594}.Release|Any CPU.ActiveCfg = Release|Any CPU
		{CBA416A7-8921-4A7E-AB8A-CB1644B2D594}.Release|Any CPU.Build.0 = Release|Any CPU
		{CBA416A7-8921-4A7E-AB8A-CB1644B2D594}.Debug|iPhoneSimulator.ActiveCfg = Debug|Any CPU
		{CBA416A7-8921-4A7E-AB8A-CB1644B2D594}.Debug|iPhoneSimulator.Build.0 = Debug|Any CPU
		{CBA416A7-8921-4A7E-AB8A-CB1644B2D594}.Release|iPhone.ActiveCfg = Release|Any CPU
		{CBA416A7-8921-4A7E-AB8A-CB1644B2D594}.Release|iPhone.Build.0 = Release|Any CPU
		{CBA416A7-8921-4A7E-AB8A-CB1644B2D594}.Release|iPhoneSimulator.ActiveCfg = Release|Any CPU
		{CBA416A7-8921-4A7E-AB8A-CB1644B2D594}.Release|iPhoneSimulator.Build.0 = Release|Any CPU
		{CBA416A7-8921-4A7E-AB8A-CB1644B2D594}.Debug|iPhone.ActiveCfg = Debug|Any CPU
		{CBA416A7-8921-4A7E-AB8A-CB1644B2D594}.Debug|iPhone.Build.0 = Debug|Any CPU
		{4A6C7ABE-5813-4C8D-8310-36577CD258DE}.Debug|Any CPU.ActiveCfg = Debug|iPhoneSimulator
		{4A6C7ABE-5813-4C8D-8310-36577CD258DE}.Debug|Any CPU.Build.0 = Debug|iPhoneSimulator
		{4A6C7ABE-5813-4C8D-8310-36577CD258DE}.Release|Any CPU.ActiveCfg = Release|iPhone
		{4A6C7ABE-5813-4C8D-8310-36577CD258DE}.Release|Any CPU.Build.0 = Release|iPhone
		{4A6C7ABE-5813-4C8D-8310-36577CD258DE}.Debug|iPhoneSimulator.ActiveCfg = Debug|iPhoneSimulator
		{4A6C7ABE-5813-4C8D-8310-36577CD258DE}.Debug|iPhoneSimulator.Build.0 = Debug|iPhoneSimulator
		{4A6C7ABE-5813-4C8D-8310-36577CD258DE}.Release|iPhone.ActiveCfg = Release|iPhone
		{4A6C7ABE-5813-4C8D-8310-36577CD258DE}.Release|iPhone.Build.0 = Release|iPhone
		{4A6C7ABE-5813-4C8D-8310-36577CD258DE}.Release|iPhoneSimulator.ActiveCfg = Release|iPhoneSimulator
		{4A6C7ABE-5813-4C8D-8310-36577CD258DE}.Release|iPhoneSimulator.Build.0 = Release|iPhoneSimulator
		{4A6C7ABE-5813-4C8D-8310-36577CD258DE}.Debug|iPhone.ActiveCfg = Debug|iPhone
		{4A6C7ABE-5813-4C8D-8310-36577CD258DE}.Debug|iPhone.Build.0 = Debug|iPhone
		{03276D0B-4F77-4592-BBDA-531A5FA3B6A5}.Debug|Any CPU.ActiveCfg = Debug|Any CPU
		{03276D0B-4F77-4592-BBDA-531A5FA3B6A5}.Debug|Any CPU.Build.0 = Debug|Any CPU
		{03276D0B-4F77-4592-BBDA-531A5FA3B6A5}.Release|Any CPU.ActiveCfg = Release|Any CPU
		{03276D0B-4F77-4592-BBDA-531A5FA3B6A5}.Release|Any CPU.Build.0 = Release|Any CPU
		{03276D0B-4F77-4592-BBDA-531A5FA3B6A5}.Debug|iPhoneSimulator.ActiveCfg = Debug|Any CPU
		{03276D0B-4F77-4592-BBDA-531A5FA3B6A5}.Debug|iPhoneSimulator.Build.0 = Debug|Any CPU
		{03276D0B-4F77-4592-BBDA-531A5FA3B6A5}.Release|iPhone.ActiveCfg = Release|Any CPU
		{03276D0B-4F77-4592-BBDA-531A5FA3B6A5}.Release|iPhone.Build.0 = Release|Any CPU
		{03276D0B-4F77-4592-BBDA-531A5FA3B6A5}.Release|iPhoneSimulator.ActiveCfg = Release|Any CPU
		{03276D0B-4F77-4592-BBDA-531A5FA3B6A5}.Release|iPhoneSimulator.Build.0 = Release|Any CPU
		{03276D0B-4F77-4592-BBDA-531A5FA3B6A5}.Debug|iPhone.ActiveCfg = Debug|Any CPU
		{03276D0B-4F77-4592-BBDA-531A5FA3B6A5}.Debug|iPhone.Build.0 = Debug|Any CPU
	EndGlobalSection
EndGlobal
